{
  "name": "labsfilter",
  "version": "1.0.2",
  "lockfileVersion": 1,
  "requires": true,
  "dependencies": {
    "facefilter": {
      "version": "1.2.7",
      "resolved": "https://registry.npmjs.org/facefilter/-/facefilter-1.2.7.tgz",
      "integrity": "sha512-uTylgTPm/6Qi5ihh1InMl/aQwSxdoH2nvCvY83Z9xiiLvUZBA1HisDGMH3i3OTPZ9qsaf0ONkIw8o/k4kKEAFQ=="
    },
    "three": {
      "version": "0.125.0",
      "resolved": "https://registry.npmjs.org/three/-/three-0.125.0.tgz",
      "integrity": "sha512-qL36qUGsPQ/Ofo/RZdXwHwM7A8wzUSAIyawtjIebJSPvounUQeneSqxI0aBY2iwKpseGy+RUtj3C5f/z4poyXw=="
    }
  }
}
